{
  "version": 4,
  "terraform_version": "1.0.1",
  "serial": 72,
  "lineage": "a2fe7ddc-bfaf-90af-5877-1807b380fd37",
  "outputs": {},
  "resources": [
    {
      "mode": "managed",
      "type": "azurerm_app_service",
      "name": "dev",
      "provider": "provider[\"registry.terraform.io/hashicorp/azurerm\"]",
      "instances": [
        {
          "schema_version": 0,
          "attributes": {
            "app_service_plan_id": "/subscriptions/f115d34b-43ec-4eb3-b071-8cc315e6e108/resourceGroups/Final2RGappservice/providers/Microsoft.Web/serverfarms/Fianlprojectdemo",
            "app_settings": {
              "APPINSIGHTS_INSTRUMENTATIONKEY": "6aa5ab19-1b00-4208-b499-15dad9542fc0",
              "APPINSIGHTS_PROFILERFEATURE_VERSION": "1.0.0",
              "APPINSIGHTS_SNAPSHOTFEATURE_VERSION": "1.0.0",
              "APPLICATIONINSIGHTS_CONNECTION_STRING": "InstrumentationKey=6aa5ab19-1b00-4208-b499-15dad9542fc0;IngestionEndpoint=https://eastus2-3.in.applicationinsights.azure.com/",
              "ApplicationInsightsAgent_EXTENSION_VERSION": "~2",
              "DiagnosticServices_EXTENSION_VERSION": "~3",
              "InstrumentationEngine_EXTENSION_VERSION": "disabled",
              "SnapshotDebugger_EXTENSION_VERSION": "disabled",
              "WEBSITE_NODE_DEFAULT_VERSION": "6.9.1",
              "XDT_MicrosoftApplicationInsights_BaseExtensions": "disabled",
              "XDT_MicrosoftApplicationInsights_Java": "1",
              "XDT_MicrosoftApplicationInsights_Mode": "recommended",
              "XDT_MicrosoftApplicationInsights_NodeJS": "1",
              "XDT_MicrosoftApplicationInsights_PreemptSdk": "disabled"
            },
            "auth_settings": [
              {
                "active_directory": [],
                "additional_login_params": {},
                "allowed_external_redirect_urls": [],
                "default_provider": "",
                "enabled": false,
                "facebook": [],
                "google": [],
                "issuer": "",
                "microsoft": [],
                "runtime_version": "",
                "token_refresh_extension_hours": 0,
                "token_store_enabled": false,
                "twitter": [],
                "unauthenticated_client_action": ""
              }
            ],
            "backup": [],
            "client_affinity_enabled": false,
            "client_cert_enabled": false,
            "connection_string": [],
            "custom_domain_verification_id": "26AB47A06B0110E220D51E4098A5C815AB665F00D2D672ED26F928A3F809FF1B",
            "default_site_hostname": "fitnessapptechm123.azurewebsites.net",
            "enabled": true,
            "https_only": false,
            "id": "/subscriptions/f115d34b-43ec-4eb3-b071-8cc315e6e108/resourceGroups/Final2RGappservice/providers/Microsoft.Web/sites/fitnessapptechm123",
            "identity": [
              {
                "identity_ids": [],
                "principal_id": "982a2caf-7aab-4e13-9e0f-e7e85c93b1ac",
                "tenant_id": "84fb1b2d-db4a-487a-aa6a-0d74903ead18",
                "type": "SystemAssigned"
              }
            ],
            "location": "eastus2",
            "logs": [
              {
                "application_logs": [
                  {
                    "azure_blob_storage": [],
                    "file_system_level": "Off"
                  }
                ],
                "detailed_error_messages_enabled": false,
                "failed_request_tracing_enabled": false,
                "http_logs": [
                  {
                    "azure_blob_storage": [],
                    "file_system": []
                  }
                ]
              }
            ],
            "name": "fitnessapptechm123",
            "outbound_ip_address_list": [
              "20.69.210.173",
              "20.69.211.61",
              "20.69.212.153",
              "20.69.214.131",
              "20.69.214.202",
              "20.69.215.136",
              "20.49.97.18"
            ],
            "outbound_ip_addresses": "20.69.210.173,20.69.211.61,20.69.212.153,20.69.214.131,20.69.214.202,20.69.215.136,20.49.97.18",
            "possible_outbound_ip_address_list": [
              "20.69.210.173",
              "20.69.211.61",
              "20.69.212.153",
              "20.69.214.131",
              "20.69.214.202",
              "20.69.215.136",
              "20.85.8.187",
              "20.69.211.8",
              "20.85.8.194",
              "20.85.8.203",
              "20.85.8.217",
              "20.85.8.226",
              "20.85.9.66",
              "20.85.9.93",
              "20.85.9.186",
              "20.85.9.218",
              "20.85.9.241",
              "20.85.10.1",
              "20.85.10.4",
              "20.69.211.3",
              "20.69.213.233",
              "20.85.10.49",
              "20.69.211.31",
              "20.85.10.72",
              "20.85.10.84",
              "20.85.10.92",
              "20.85.10.129",
              "20.85.10.147",
              "20.69.208.116",
              "20.85.10.149",
              "20.49.97.18"
            ],
            "possible_outbound_ip_addresses": "20.69.210.173,20.69.211.61,20.69.212.153,20.69.214.131,20.69.214.202,20.69.215.136,20.85.8.187,20.69.211.8,20.85.8.194,20.85.8.203,20.85.8.217,20.85.8.226,20.85.9.66,20.85.9.93,20.85.9.186,20.85.9.218,20.85.9.241,20.85.10.1,20.85.10.4,20.69.211.3,20.69.213.233,20.85.10.49,20.69.211.31,20.85.10.72,20.85.10.84,20.85.10.92,20.85.10.129,20.85.10.147,20.69.208.116,20.85.10.149,20.49.97.18",
            "resource_group_name": "Final2RGappservice",
            "site_config": [
              {
                "always_on": false,
                "app_command_line": "",
                "auto_swap_slot_name": "",
                "cors": [
                  {
                    "allowed_origins": [],
                    "support_credentials": false
                  }
                ],
                "default_documents": [],
                "dotnet_framework_version": "v4.0",
                "ftps_state": "AllAllowed",
                "health_check_path": "",
                "http2_enabled": false,
                "ip_restriction": [],
                "java_container": "",
                "java_container_version": "",
                "java_version": "",
                "linux_fx_version": "",
                "local_mysql_enabled": false,
                "managed_pipeline_mode": "Integrated",
                "min_tls_version": "1.2",
                "number_of_workers": 1,
                "php_version": "",
                "python_version": "",
                "remote_debugging_enabled": false,
                "remote_debugging_version": "VS2019",
                "scm_ip_restriction": [],
                "scm_type": "VSTSRM",
                "scm_use_main_ip_restriction": false,
                "use_32_bit_worker_process": false,
                "websockets_enabled": false,
                "windows_fx_version": ""
              }
            ],
            "site_credential": [
              {
                "password": "oiezoQGjxgle4fstjFCvZ5Hzsr6i2wP3tKGjij1eK5EBGxoeY9EsbSlfLt84",
                "username": "$fitnessapptechm123"
              }
            ],
            "source_control": [
              {
                "branch": "master",
                "manual_integration": false,
                "repo_url": "VSTSRM",
                "rollback_enabled": false,
                "use_mercurial": false
              }
            ],
            "storage_account": [],
            "tags": {},
            "timeouts": null
          },
          "sensitive_attributes": [],
          "private": "eyJlMmJmYjczMC1lY2FhLTExZTYtOGY4OC0zNDM2M2JjN2M0YzAiOnsiY3JlYXRlIjoxODAwMDAwMDAwMDAwLCJkZWxldGUiOjE4MDAwMDAwMDAwMDAsInJlYWQiOjMwMDAwMDAwMDAwMCwidXBkYXRlIjoxODAwMDAwMDAwMDAwfX0=",
          "dependencies": [
            "azurerm_app_service_plan.dev",
            "azurerm_resource_group.kifty"
          ]
        }
      ]
    },
    {
      "mode": "managed",
      "type": "azurerm_app_service_plan",
      "name": "dev",
      "provider": "provider[\"registry.terraform.io/hashicorp/azurerm\"]",
      "instances": [
        {
          "schema_version": 0,
          "attributes": {
            "app_service_environment_id": "",
            "id": "/subscriptions/f115d34b-43ec-4eb3-b071-8cc315e6e108/resourceGroups/Final2RGappservice/providers/Microsoft.Web/serverfarms/Fianlprojectdemo",
            "is_xenon": false,
            "kind": "Windows",
            "location": "eastus2",
            "maximum_elastic_worker_count": 1,
            "maximum_number_of_workers": 10,
            "name": "Fianlprojectdemo",
            "per_site_scaling": false,
            "reserved": false,
            "resource_group_name": "Final2RGappservice",
            "sku": [
              {
                "capacity": 1,
                "size": "S1",
                "tier": "Standard"
              }
            ],
            "tags": {},
            "timeouts": null
          },
          "sensitive_attributes": [],
          "private": "eyJlMmJmYjczMC1lY2FhLTExZTYtOGY4OC0zNDM2M2JjN2M0YzAiOnsiY3JlYXRlIjozNjAwMDAwMDAwMDAwLCJkZWxldGUiOjM2MDAwMDAwMDAwMDAsInJlYWQiOjMwMDAwMDAwMDAwMCwidXBkYXRlIjozNjAwMDAwMDAwMDAwfX0=",
          "dependencies": [
            "azurerm_resource_group.kifty"
          ]
        }
      ]
    },
    {
      "mode": "managed",
      "type": "azurerm_resource_group",
      "name": "kifty",
      "provider": "provider[\"registry.terraform.io/hashicorp/azurerm\"]",
      "instances": [
        {
          "schema_version": 0,
          "attributes": {
            "id": "/subscriptions/f115d34b-43ec-4eb3-b071-8cc315e6e108/resourceGroups/Final2RGappservice",
            "location": "eastus2",
            "name": "Final2RGappservice",
            "tags": {},
            "timeouts": null
          },
          "sensitive_attributes": [],
          "private": "eyJlMmJmYjczMC1lY2FhLTExZTYtOGY4OC0zNDM2M2JjN2M0YzAiOnsiY3JlYXRlIjo1NDAwMDAwMDAwMDAwLCJkZWxldGUiOjU0MDAwMDAwMDAwMDAsInJlYWQiOjMwMDAwMDAwMDAwMCwidXBkYXRlIjo1NDAwMDAwMDAwMDAwfX0="
        }
      ]
    }
  ]
}
