{
  "version": 4,
  "terraform_version": "1.0.1",
  "serial": 16,
  "lineage": "dd4e350d-8dc0-efb5-2e0a-ccaebd94049a",
  "outputs": {},
  "resources": [
    {
      "mode": "managed",
      "type": "azurerm_resource_group",
      "name": "kifty",
      "provider": "provider[\"registry.terraform.io/hashicorp/azurerm\"]",
      "instances": [
        {
          "schema_version": 0,
          "attributes": {
            "id": "/subscriptions/f115d34b-43ec-4eb3-b071-8cc315e6e108/resourceGroups/FinalRG-blob",
            "location": "eastus2",
            "name": "FinalRG-blob",
            "tags": {},
            "timeouts": null
          },
          "sensitive_attributes": [],
          "private": "eyJlMmJmYjczMC1lY2FhLTExZTYtOGY4OC0zNDM2M2JjN2M0YzAiOnsiY3JlYXRlIjo1NDAwMDAwMDAwMDAwLCJkZWxldGUiOjU0MDAwMDAwMDAwMDAsInJlYWQiOjMwMDAwMDAwMDAwMCwidXBkYXRlIjo1NDAwMDAwMDAwMDAwfX0="
        }
      ]
    },
    {
      "mode": "managed",
      "type": "azurerm_storage_account",
      "name": "tilly",
      "provider": "provider[\"registry.terraform.io/hashicorp/azurerm\"]",
      "instances": [
        {
          "schema_version": 2,
          "attributes": {
            "access_tier": "Hot",
            "account_kind": "StorageV2",
            "account_replication_type": "LRS",
            "account_tier": "Standard",
            "allow_blob_public_access": true,
            "blob_properties": [],
            "custom_domain": [],
            "enable_https_traffic_only": true,
            "id": "/subscriptions/f115d34b-43ec-4eb3-b071-8cc315e6e108/resourceGroups/FinalRG-blob/providers/Microsoft.Storage/storageAccounts/finalsa",
            "identity": [],
            "is_hns_enabled": false,
            "large_file_share_enabled": null,
            "location": "eastus2",
            "min_tls_version": "TLS1_0",
            "name": "finalsa",
            "network_rules": [
              {
                "bypass": [
                  "AzureServices"
                ],
                "default_action": "Allow",
                "ip_rules": [],
                "virtual_network_subnet_ids": []
              }
            ],
            "primary_access_key": "ElT3VmJ2z45auRZKlDucvm0X4GOQzceku3W0OAuBUGqHQrFHdpqnh/dKOE0QquCuYthaTe1zZL8edzSxgJZ1jA==",
            "primary_blob_connection_string": "DefaultEndpointsProtocol=https;BlobEndpoint=https://finalsa.blob.core.windows.net/;AccountName=finalsa;AccountKey=ElT3VmJ2z45auRZKlDucvm0X4GOQzceku3W0OAuBUGqHQrFHdpqnh/dKOE0QquCuYthaTe1zZL8edzSxgJZ1jA==",
            "primary_blob_endpoint": "https://finalsa.blob.core.windows.net/",
            "primary_blob_host": "finalsa.blob.core.windows.net",
            "primary_connection_string": "DefaultEndpointsProtocol=https;AccountName=finalsa;AccountKey=ElT3VmJ2z45auRZKlDucvm0X4GOQzceku3W0OAuBUGqHQrFHdpqnh/dKOE0QquCuYthaTe1zZL8edzSxgJZ1jA==;EndpointSuffix=core.windows.net",
            "primary_dfs_endpoint": "https://finalsa.dfs.core.windows.net/",
            "primary_dfs_host": "finalsa.dfs.core.windows.net",
            "primary_file_endpoint": "https://finalsa.file.core.windows.net/",
            "primary_file_host": "finalsa.file.core.windows.net",
            "primary_location": "eastus2",
            "primary_queue_endpoint": "https://finalsa.queue.core.windows.net/",
            "primary_queue_host": "finalsa.queue.core.windows.net",
            "primary_table_endpoint": "https://finalsa.table.core.windows.net/",
            "primary_table_host": "finalsa.table.core.windows.net",
            "primary_web_endpoint": "https://finalsa.z20.web.core.windows.net/",
            "primary_web_host": "finalsa.z20.web.core.windows.net",
            "queue_properties": [
              {
                "cors_rule": [],
                "hour_metrics": [
                  {
                    "enabled": true,
                    "include_apis": true,
                    "retention_policy_days": 7,
                    "version": "1.0"
                  }
                ],
                "logging": [
                  {
                    "delete": false,
                    "read": false,
                    "retention_policy_days": 0,
                    "version": "1.0",
                    "write": false
                  }
                ],
                "minute_metrics": [
                  {
                    "enabled": false,
                    "include_apis": false,
                    "retention_policy_days": 0,
                    "version": "1.0"
                  }
                ]
              }
            ],
            "resource_group_name": "FinalRG-blob",
            "secondary_access_key": "51325Mv2O+/OkHjMPyyiWfGUp6EWE3QWCsa+/jqrlzeYsqMvzBXuh/KVqRbmxS3H2ahPD4adEhv5umr857SQ1Q==",
            "secondary_blob_connection_string": "",
            "secondary_blob_endpoint": null,
            "secondary_blob_host": null,
            "secondary_connection_string": "DefaultEndpointsProtocol=https;AccountName=finalsa;AccountKey=51325Mv2O+/OkHjMPyyiWfGUp6EWE3QWCsa+/jqrlzeYsqMvzBXuh/KVqRbmxS3H2ahPD4adEhv5umr857SQ1Q==;EndpointSuffix=core.windows.net",
            "secondary_dfs_endpoint": null,
            "secondary_dfs_host": null,
            "secondary_file_endpoint": null,
            "secondary_file_host": null,
            "secondary_location": "",
            "secondary_queue_endpoint": null,
            "secondary_queue_host": null,
            "secondary_table_endpoint": null,
            "secondary_table_host": null,
            "secondary_web_endpoint": null,
            "secondary_web_host": null,
            "static_website": [],
            "tags": {},
            "timeouts": null
          },
          "sensitive_attributes": [],
          "private": "eyJlMmJmYjczMC1lY2FhLTExZTYtOGY4OC0zNDM2M2JjN2M0YzAiOnsiY3JlYXRlIjozNjAwMDAwMDAwMDAwLCJkZWxldGUiOjM2MDAwMDAwMDAwMDAsInJlYWQiOjMwMDAwMDAwMDAwMCwidXBkYXRlIjozNjAwMDAwMDAwMDAwfSwic2NoZW1hX3ZlcnNpb24iOiIyIn0=",
          "dependencies": [
            "azurerm_resource_group.kifty"
          ]
        }
      ]
    },
    {
      "mode": "managed",
      "type": "azurerm_storage_blob",
      "name": "blobdemo-file",
      "provider": "provider[\"registry.terraform.io/hashicorp/azurerm\"]",
      "instances": [
        {
          "schema_version": 1,
          "attributes": {
            "access_tier": "Hot",
            "content_md5": "",
            "content_type": "application/octet-stream",
            "id": "https://finalsa.blob.core.windows.net/finalsc/blobdemofile.txt",
            "metadata": {},
            "name": "blobdemofile.txt",
            "parallelism": 8,
            "size": 0,
            "source": "blobdemofile.txt",
            "source_content": null,
            "source_uri": null,
            "storage_account_name": "finalsa",
            "storage_container_name": "finalsc",
            "timeouts": null,
            "type": "Block",
            "url": "https://finalsa.blob.core.windows.net/finalsc/blobdemofile.txt"
          },
          "sensitive_attributes": [],
          "private": "eyJlMmJmYjczMC1lY2FhLTExZTYtOGY4OC0zNDM2M2JjN2M0YzAiOnsiY3JlYXRlIjoxODAwMDAwMDAwMDAwLCJkZWxldGUiOjE4MDAwMDAwMDAwMDAsInJlYWQiOjMwMDAwMDAwMDAwMCwidXBkYXRlIjoxODAwMDAwMDAwMDAwfSwic2NoZW1hX3ZlcnNpb24iOiIxIn0=",
          "dependencies": [
            "azurerm_resource_group.kifty",
            "azurerm_storage_account.tilly",
            "azurerm_storage_container.tillycon"
          ]
        }
      ]
    },
    {
      "mode": "managed",
      "type": "azurerm_storage_container",
      "name": "tillycon",
      "provider": "provider[\"registry.terraform.io/hashicorp/azurerm\"]",
      "instances": [
        {
          "schema_version": 1,
          "attributes": {
            "container_access_type": "container",
            "has_immutability_policy": false,
            "has_legal_hold": false,
            "id": "https://finalsa.blob.core.windows.net/finalsc",
            "metadata": {},
            "name": "finalsc",
            "resource_manager_id": "/subscriptions/f115d34b-43ec-4eb3-b071-8cc315e6e108/resourceGroups/FinalRG-blob/providers/Microsoft.Storage/storageAccounts/finalsa/blobServices/default/containers/finalsc",
            "storage_account_name": "finalsa",
            "timeouts": null
          },
          "sensitive_attributes": [],
          "private": "eyJlMmJmYjczMC1lY2FhLTExZTYtOGY4OC0zNDM2M2JjN2M0YzAiOnsiY3JlYXRlIjoxODAwMDAwMDAwMDAwLCJkZWxldGUiOjE4MDAwMDAwMDAwMDAsInJlYWQiOjMwMDAwMDAwMDAwMCwidXBkYXRlIjoxODAwMDAwMDAwMDAwfSwic2NoZW1hX3ZlcnNpb24iOiIxIn0=",
          "dependencies": [
            "azurerm_storage_account.tilly",
            "azurerm_resource_group.kifty"
          ]
        }
      ]
    }
  ]
}
